// !$*UTF8*$!
{
	archiveVersion = 1;
	classes = {
	};
	objectVersion = 46;
	objects = {

/* Begin PBXBuildFile section */
		C2674FC21B60EA8E004FFB50 /* allCategoryTVC.m in Sources */ = {isa = PBXBuildFile; fileRef = C2674FC11B60EA8E004FFB50 /* allCategoryTVC.m */; };
		C2674FC51B610458004FFB50 /* MpdelForAllCategory.m in Sources */ = {isa = PBXBuildFile; fileRef = C2674FC41B610458004FFB50 /* MpdelForAllCategory.m */; };
		C2674FCC1B613343004FFB50 /* CategoryTableViewCell.m in Sources */ = {isa = PBXBuildFile; fileRef = C2674FCB1B613343004FFB50 /* CategoryTableViewCell.m */; };
		C284AF5E1B608BF2001AE8E7 /* main.m in Sources */ = {isa = PBXBuildFile; fileRef = C284AF5D1B608BF2001AE8E7 /* main.m */; };
		C284AF611B608BF2001AE8E7 /* AppDelegate.m in Sources */ = {isa = PBXBuildFile; fileRef = C284AF601B608BF2001AE8E7 /* AppDelegate.m */; };
		C284AF651B608BF2001AE8E7 /* Images.xcassets in Resources */ = {isa = PBXBuildFile; fileRef = C284AF641B608BF2001AE8E7 /* Images.xcassets */; };
		C284AF681B608BF2001AE8E7 /* LaunchScreen.xib in Resources */ = {isa = PBXBuildFile; fileRef = C284AF661B608BF2001AE8E7 /* LaunchScreen.xib */; };
		C284AF741B608BF2001AE8E7 /* __Tests.m in Sources */ = {isa = PBXBuildFile; fileRef = C284AF731B608BF2001AE8E7 /* __Tests.m */; };
		C284AF821B608ED9001AE8E7 /* RootTBC.m in Sources */ = {isa = PBXBuildFile; fileRef = C284AF811B608ED9001AE8E7 /* RootTBC.m */; };
		C284AF851B608F8E001AE8E7 /* PurchaseViewController.m in Sources */ = {isa = PBXBuildFile; fileRef = C284AF841B608F8E001AE8E7 /* PurchaseViewController.m */; };
		C284AF8F1B609032001AE8E7 /* CustomViewController.m in Sources */ = {isa = PBXBuildFile; fileRef = C284AF8E1B609032001AE8E7 /* CustomViewController.m */; };
		C284AF961B609219001AE8E7 /* AccidenceViewController.m in Sources */ = {isa = PBXBuildFile; fileRef = C284AF951B609219001AE8E7 /* AccidenceViewController.m */; };
		C284AF9D1B60944C001AE8E7 /* MerchantViewController.m in Sources */ = {isa = PBXBuildFile; fileRef = C284AF9C1B60944C001AE8E7 /* MerchantViewController.m */; };
		C284AFA31B60955D001AE8E7 /* MineTableViewController.m in Sources */ = {isa = PBXBuildFile; fileRef = C284AFA21B60955D001AE8E7 /* MineTableViewController.m */; };
		C284AFA81B609605001AE8E7 /* MoreTableViewController.m in Sources */ = {isa = PBXBuildFile; fileRef = C284AFA71B609605001AE8E7 /* MoreTableViewController.m */; };
		C284AFB91B609ACB001AE8E7 /* iconfont-gengduo.png in Resources */ = {isa = PBXBuildFile; fileRef = C284AFAF1B609ACB001AE8E7 /* iconfont-gengduo.png */; };
		C284AFBA1B609ACB001AE8E7 /* iconfont-shangjia.png in Resources */ = {isa = PBXBuildFile; fileRef = C284AFB01B609ACB001AE8E7 /* iconfont-shangjia.png */; };
		C284AFBD1B609ACB001AE8E7 /* iconfont-shangjia@2x.png in Resources */ = {isa = PBXBuildFile; fileRef = C284AFB31B609ACB001AE8E7 /* iconfont-shangjia@2x.png */; };
		C284AFBE1B609ACB001AE8E7 /* iconfont-gengduo@2x.png in Resources */ = {isa = PBXBuildFile; fileRef = C284AFB41B609ACB001AE8E7 /* iconfont-gengduo@2x.png */; };
		C284AFC01B609ACB001AE8E7 /* iconfont-tuangou@2x.png in Resources */ = {isa = PBXBuildFile; fileRef = C284AFB61B609ACB001AE8E7 /* iconfont-tuangou@2x.png */; };
		C284AFC11B609ACB001AE8E7 /* iconfont-tuangou.png in Resources */ = {isa = PBXBuildFile; fileRef = C284AFB71B609ACB001AE8E7 /* iconfont-tuangou.png */; };
		C284AFC41B609D03001AE8E7 /* iconfont-fuwu@2x.png in Resources */ = {isa = PBXBuildFile; fileRef = C284AFC21B609D03001AE8E7 /* iconfont-fuwu@2x.png */; };
		C284AFC51B609D03001AE8E7 /* iconfont-fuwu.png in Resources */ = {isa = PBXBuildFile; fileRef = C284AFC31B609D03001AE8E7 /* iconfont-fuwu.png */; };
		C284AFC81B609D42001AE8E7 /* iconfont-wode.png in Resources */ = {isa = PBXBuildFile; fileRef = C284AFC61B609D42001AE8E7 /* iconfont-wode.png */; };
		C284AFC91B609D42001AE8E7 /* iconfont-wode@2x.png in Resources */ = {isa = PBXBuildFile; fileRef = C284AFC71B609D42001AE8E7 /* iconfont-wode@2x.png */; };
		C284AFCE1B60BF0A001AE8E7 /* Network.m in Sources */ = {isa = PBXBuildFile; fileRef = C284AFCD1B60BF0A001AE8E7 /* Network.m */; };
		C284AFD11B60BF95001AE8E7 /* categoryView.m in Sources */ = {isa = PBXBuildFile; fileRef = C284AFD01B60BF95001AE8E7 /* categoryView.m */; };
		C284AFD41B60CBCE001AE8E7 /* categoryModel.m in Sources */ = {isa = PBXBuildFile; fileRef = C284AFD31B60CBCE001AE8E7 /* categoryModel.m */; };
		C284AFF71B60D379001AE8E7 /* MKAnnotationView+WebCache.m in Sources */ = {isa = PBXBuildFile; fileRef = C284AFD71B60D379001AE8E7 /* MKAnnotationView+WebCache.m */; };
		C284AFF81B60D379001AE8E7 /* NSData+ImageContentType.m in Sources */ = {isa = PBXBuildFile; fileRef = C284AFD91B60D379001AE8E7 /* NSData+ImageContentType.m */; };
		C284AFF91B60D379001AE8E7 /* SDImageCache.m in Sources */ = {isa = PBXBuildFile; fileRef = C284AFDB1B60D379001AE8E7 /* SDImageCache.m */; };
		C284AFFA1B60D379001AE8E7 /* SDWebImageCompat.m in Sources */ = {isa = PBXBuildFile; fileRef = C284AFDD1B60D379001AE8E7 /* SDWebImageCompat.m */; };
		C284AFFB1B60D379001AE8E7 /* SDWebImageDecoder.m in Sources */ = {isa = PBXBuildFile; fileRef = C284AFDF1B60D379001AE8E7 /* SDWebImageDecoder.m */; };
		C284AFFC1B60D379001AE8E7 /* SDWebImageDownloader.m in Sources */ = {isa = PBXBuildFile; fileRef = C284AFE11B60D379001AE8E7 /* SDWebImageDownloader.m */; };
		C284AFFD1B60D379001AE8E7 /* SDWebImageDownloaderOperation.m in Sources */ = {isa = PBXBuildFile; fileRef = C284AFE31B60D379001AE8E7 /* SDWebImageDownloaderOperation.m */; };
		C284AFFE1B60D379001AE8E7 /* SDWebImageManager.m in Sources */ = {isa = PBXBuildFile; fileRef = C284AFE51B60D379001AE8E7 /* SDWebImageManager.m */; };
		C284AFFF1B60D379001AE8E7 /* SDWebImagePrefetcher.m in Sources */ = {isa = PBXBuildFile; fileRef = C284AFE81B60D379001AE8E7 /* SDWebImagePrefetcher.m */; };
		C284B0001B60D379001AE8E7 /* UIButton+WebCache.m in Sources */ = {isa = PBXBuildFile; fileRef = C284AFEA1B60D379001AE8E7 /* UIButton+WebCache.m */; };
		C284B0011B60D379001AE8E7 /* UIImage+GIF.m in Sources */ = {isa = PBXBuildFile; fileRef = C284AFEC1B60D379001AE8E7 /* UIImage+GIF.m */; };
		C284B0021B60D379001AE8E7 /* UIImage+MultiFormat.m in Sources */ = {isa = PBXBuildFile; fileRef = C284AFEE1B60D379001AE8E7 /* UIImage+MultiFormat.m */; };
		C284B0031B60D379001AE8E7 /* UIImage+WebP.m in Sources */ = {isa = PBXBuildFile; fileRef = C284AFF01B60D379001AE8E7 /* UIImage+WebP.m */; };
		C284B0041B60D379001AE8E7 /* UIImageView+HighlightedWebCache.m in Sources */ = {isa = PBXBuildFile; fileRef = C284AFF21B60D379001AE8E7 /* UIImageView+HighlightedWebCache.m */; };
		C284B0051B60D379001AE8E7 /* UIImageView+WebCache.m in Sources */ = {isa = PBXBuildFile; fileRef = C284AFF41B60D379001AE8E7 /* UIImageView+WebCache.m */; };
		C284B0061B60D379001AE8E7 /* UIView+WebCacheOperation.m in Sources */ = {isa = PBXBuildFile; fileRef = C284AFF61B60D379001AE8E7 /* UIView+WebCacheOperation.m */; };
		C2855BC21B631B5100A959D8 /* ModelForList.m in Sources */ = {isa = PBXBuildFile; fileRef = C2855BC11B631B5100A959D8 /* ModelForList.m */; };
		C2855BC51B6328A700A959D8 /* ModelForPay.m in Sources */ = {isa = PBXBuildFile; fileRef = C2855BC41B6328A700A959D8 /* ModelForPay.m */; };
		C2855BC81B63309200A959D8 /* CustomTableViewCell.m in Sources */ = {isa = PBXBuildFile; fileRef = C2855BC71B63309200A959D8 /* CustomTableViewCell.m */; };
		C2855BCB1B6361C300A959D8 /* StarsForScoreView.m in Sources */ = {isa = PBXBuildFile; fileRef = C2855BCA1B6361C300A959D8 /* StarsForScoreView.m */; };
		C2855BD01B63650A00A959D8 /* iconfont-xingxing-2.png in Resources */ = {isa = PBXBuildFile; fileRef = C2855BCD1B63650A00A959D8 /* iconfont-xingxing-2.png */; };
		C2855BD11B63650A00A959D8 /* iconfont-xingxing.png in Resources */ = {isa = PBXBuildFile; fileRef = C2855BCE1B63650A00A959D8 /* iconfont-xingxing.png */; };
		C2855BD41B637BB700A959D8 /* iconfont-pingfenxingxingbankesvg-1.png in Resources */ = {isa = PBXBuildFile; fileRef = C2855BD31B637BB700A959D8 /* iconfont-pingfenxingxingbankesvg-1.png */; };
		C28688F21B660BBF00582C2B /* NSString+height.m in Sources */ = {isa = PBXBuildFile; fileRef = C28688F11B660BBF00582C2B /* NSString+height.m */; };
		C289C71C1B623D3D003B2C5B /* ListViewController.m in Sources */ = {isa = PBXBuildFile; fileRef = C289C71B1B623D3D003B2C5B /* ListViewController.m */; };
		C29AFD021B6769650011EA1E /* HotelTVC.m in Sources */ = {isa = PBXBuildFile; fileRef = C29AFD011B6769650011EA1E /* HotelTVC.m */; };
		C2E3E1D31B651D2800AE7933 /* MovieTableViewCell.m in Sources */ = {isa = PBXBuildFile; fileRef = C2E3E1D21B651D2800AE7933 /* MovieTableViewCell.m */; };
/* End PBXBuildFile section */

/* Begin PBXContainerItemProxy section */
		C284AF6E1B608BF2001AE8E7 /* PBXContainerItemProxy */ = {
			isa = PBXContainerItemProxy;
			containerPortal = C284AF501B608BF2001AE8E7 /* Project object */;
			proxyType = 1;
			remoteGlobalIDString = C284AF571B608BF2001AE8E7;
			remoteInfo = "美团";
		};
/* End PBXContainerItemProxy section */

/* Begin PBXFileReference section */
		C2674FBF1B60DCFB004FFB50 /* meituan-Prefix.pch */ = {isa = PBXFileReference; lastKnownFileType = sourcecode.c.h; path = "meituan-Prefix.pch"; sourceTree = "<group>"; };
		C2674FC01B60EA8E004FFB50 /* allCategoryTVC.h */ = {isa = PBXFileReference; fileEncoding = 4; lastKnownFileType = sourcecode.c.h; name = allCategoryTVC.h; path = purchase/allCategoryTVC.h; sourceTree = "<group>"; };
		C2674FC11B60EA8E004FFB50 /* allCategoryTVC.m */ = {isa = PBXFileReference; fileEncoding = 4; lastKnownFileType = sourcecode.c.objc; name = allCategoryTVC.m; path = purchase/allCategoryTVC.m; sourceTree = "<group>"; };
		C2674FC31B610458004FFB50 /* MpdelForAllCategory.h */ = {isa = PBXFileReference; fileEncoding = 4; lastKnownFileType = sourcecode.c.h; name = MpdelForAllCategory.h; path = purchase/MpdelForAllCategory.h; sourceTree = "<group>"; };
		C2674FC41B610458004FFB50 /* MpdelForAllCategory.m */ = {isa = PBXFileReference; fileEncoding = 4; lastKnownFileType = sourcecode.c.objc; name = MpdelForAllCategory.m; path = purchase/MpdelForAllCategory.m; sourceTree = "<group>"; };
		C2674FCA1B613343004FFB50 /* CategoryTableViewCell.h */ = {isa = PBXFileReference; fileEncoding = 4; lastKnownFileType = sourcecode.c.h; name = CategoryTableViewCell.h; path = purchase/CategoryTableViewCell.h; sourceTree = "<group>"; };
		C2674FCB1B613343004FFB50 /* CategoryTableViewCell.m */ = {isa = PBXFileReference; fileEncoding = 4; lastKnownFileType = sourcecode.c.objc; name = CategoryTableViewCell.m; path = purchase/CategoryTableViewCell.m; sourceTree = "<group>"; };
		C284AF581B608BF2001AE8E7 /* 美团.app */ = {isa = PBXFileReference; explicitFileType = wrapper.application; includeInIndex = 0; path = "美团.app"; sourceTree = BUILT_PRODUCTS_DIR; };
		C284AF5C1B608BF2001AE8E7 /* Info.plist */ = {isa = PBXFileReference; lastKnownFileType = text.plist.xml; path = Info.plist; sourceTree = "<group>"; };
		C284AF5D1B608BF2001AE8E7 /* main.m */ = {isa = PBXFileReference; lastKnownFileType = sourcecode.c.objc; path = main.m; sourceTree = "<group>"; };
		C284AF5F1B608BF2001AE8E7 /* AppDelegate.h */ = {isa = PBXFileReference; lastKnownFileType = sourcecode.c.h; path = AppDelegate.h; sourceTree = "<group>"; };
		C284AF601B608BF2001AE8E7 /* AppDelegate.m */ = {isa = PBXFileReference; lastKnownFileType = sourcecode.c.objc; path = AppDelegate.m; sourceTree = "<group>"; };
		C284AF641B608BF2001AE8E7 /* Images.xcassets */ = {isa = PBXFileReference; lastKnownFileType = folder.assetcatalog; path = Images.xcassets; sourceTree = "<group>"; };
		C284AF671B608BF2001AE8E7 /* Base */ = {isa = PBXFileReference; lastKnownFileType = file.xib; name = Base; path = Base.lproj/LaunchScreen.xib; sourceTree = "<group>"; };
		C284AF6D1B608BF2001AE8E7 /* 美团Tests.xctest */ = {isa = PBXFileReference; explicitFileType = wrapper.cfbundle; includeInIndex = 0; path = "美团Tests.xctest"; sourceTree = BUILT_PRODUCTS_DIR; };
		C284AF721B608BF2001AE8E7 /* Info.plist */ = {isa = PBXFileReference; lastKnownFileType = text.plist.xml; path = Info.plist; sourceTree = "<group>"; };
		C284AF731B608BF2001AE8E7 /* __Tests.m */ = {isa = PBXFileReference; lastKnownFileType = sourcecode.c.objc; path = __Tests.m; sourceTree = "<group>"; };
		C284AF801B608ED9001AE8E7 /* RootTBC.h */ = {isa = PBXFileReference; fileEncoding = 4; lastKnownFileType = sourcecode.c.h; path = RootTBC.h; sourceTree = "<group>"; };
		C284AF811B608ED9001AE8E7 /* RootTBC.m */ = {isa = PBXFileReference; fileEncoding = 4; lastKnownFileType = sourcecode.c.objc; path = RootTBC.m; sourceTree = "<group>"; };
		C284AF831B608F8E001AE8E7 /* PurchaseViewController.h */ = {isa = PBXFileReference; fileEncoding = 4; lastKnownFileType = sourcecode.c.h; name = PurchaseViewController.h; path = purchase/PurchaseViewController.h; sourceTree = "<group>"; };
		C284AF841B608F8E001AE8E7 /* PurchaseViewController.m */ = {isa = PBXFileReference; fileEncoding = 4; lastKnownFileType = sourcecode.c.objc; name = PurchaseViewController.m; path = purchase/PurchaseViewController.m; sourceTree = "<group>"; };
		C284AF8D1B609032001AE8E7 /* CustomViewController.h */ = {isa = PBXFileReference; fileEncoding = 4; lastKnownFileType = sourcecode.c.h; name = CustomViewController.h; path = Main/CustomViewController.h; sourceTree = "<group>"; };
		C284AF8E1B609032001AE8E7 /* CustomViewController.m */ = {isa = PBXFileReference; fileEncoding = 4; lastKnownFileType = sourcecode.c.objc; name = CustomViewController.m; path = Main/CustomViewController.m; sourceTree = "<group>"; };
		C284AF941B609219001AE8E7 /* AccidenceViewController.h */ = {isa = PBXFileReference; fileEncoding = 4; lastKnownFileType = sourcecode.c.h; name = AccidenceViewController.h; path = Accidence/AccidenceViewController.h; sourceTree = "<group>"; };
		C284AF951B609219001AE8E7 /* AccidenceViewController.m */ = {isa = PBXFileReference; fileEncoding = 4; lastKnownFileType = sourcecode.c.objc; name = AccidenceViewController.m; path = Accidence/AccidenceViewController.m; sourceTree = "<group>"; };
		C284AF9B1B60944C001AE8E7 /* MerchantViewController.h */ = {isa = PBXFileReference; fileEncoding = 4; lastKnownFileType = sourcecode.c.h; name = MerchantViewController.h; path = Merchant/MerchantViewController.h; sourceTree = "<group>"; };
		C284AF9C1B60944C001AE8E7 /* MerchantViewController.m */ = {isa = PBXFileReference; fileEncoding = 4; lastKnownFileType = sourcecode.c.objc; name = MerchantViewController.m; path = Merchant/MerchantViewController.m; sourceTree = "<group>"; };
		C284AFA11B60955D001AE8E7 /* MineTableViewController.h */ = {isa = PBXFileReference; fileEncoding = 4; lastKnownFileType = sourcecode.c.h; name = MineTableViewController.h; path = Mine/MineTableViewController.h; sourceTree = "<group>"; };
		C284AFA21B60955D001AE8E7 /* MineTableViewController.m */ = {isa = PBXFileReference; fileEncoding = 4; lastKnownFileType = sourcecode.c.objc; name = MineTableViewController.m; path = Mine/MineTableViewController.m; sourceTree = "<group>"; };
		C284AFA61B609605001AE8E7 /* MoreTableViewController.h */ = {isa = PBXFileReference; fileEncoding = 4; lastKnownFileType = sourcecode.c.h; name = MoreTableViewController.h; path = More/MoreTableViewController.h; sourceTree = "<group>"; };
		C284AFA71B609605001AE8E7 /* MoreTableViewController.m */ = {isa = PBXFileReference; fileEncoding = 4; lastKnownFileType = sourcecode.c.objc; name = MoreTableViewController.m; path = More/MoreTableViewController.m; sourceTree = "<group>"; };
		C284AFAF1B609ACB001AE8E7 /* iconfont-gengduo.png */ = {isa = PBXFileReference; lastKnownFileType = image.png; path = "iconfont-gengduo.png"; sourceTree = "<group>"; };
		C284AFB01B609ACB001AE8E7 /* iconfont-shangjia.png */ = {isa = PBXFileReference; lastKnownFileType = image.png; path = "iconfont-shangjia.png"; sourceTree = "<group>"; };
		C284AFB31B609ACB001AE8E7 /* iconfont-shangjia@2x.png */ = {isa = PBXFileReference; lastKnownFileType = image.png; path = "iconfont-shangjia@2x.png"; sourceTree = "<group>"; };
		C284AFB41B609ACB001AE8E7 /* iconfont-gengduo@2x.png */ = {isa = PBXFileReference; lastKnownFileType = image.png; path = "iconfont-gengduo@2x.png"; sourceTree = "<group>"; };
		C284AFB61B609ACB001AE8E7 /* iconfont-tuangou@2x.png */ = {isa = PBXFileReference; lastKnownFileType = image.png; path = "iconfont-tuangou@2x.png"; sourceTree = "<group>"; };
		C284AFB71B609ACB001AE8E7 /* iconfont-tuangou.png */ = {isa = PBXFileReference; lastKnownFileType = image.png; path = "iconfont-tuangou.png"; sourceTree = "<group>"; };
		C284AFC21B609D03001AE8E7 /* iconfont-fuwu@2x.png */ = {isa = PBXFileReference; lastKnownFileType = image.png; path = "iconfont-fuwu@2x.png"; sourceTree = "<group>"; };
		C284AFC31B609D03001AE8E7 /* iconfont-fuwu.png */ = {isa = PBXFileReference; lastKnownFileType = image.png; path = "iconfont-fuwu.png"; sourceTree = "<group>"; };
		C284AFC61B609D42001AE8E7 /* iconfont-wode.png */ = {isa = PBXFileReference; lastKnownFileType = image.png; path = "iconfont-wode.png"; sourceTree = "<group>"; };
		C284AFC71B609D42001AE8E7 /* iconfont-wode@2x.png */ = {isa = PBXFileReference; lastKnownFileType = image.png; path = "iconfont-wode@2x.png"; sourceTree = "<group>"; };
		C284AFCC1B60BF0A001AE8E7 /* Network.h */ = {isa = PBXFileReference; fileEncoding = 4; lastKnownFileType = sourcecode.c.h; path = Network.h; sourceTree = "<group>"; };
		C284AFCD1B60BF0A001AE8E7 /* Network.m */ = {isa = PBXFileReference; fileEncoding = 4; lastKnownFileType = sourcecode.c.objc; path = Network.m; sourceTree = "<group>"; };
		C284AFCF1B60BF95001AE8E7 /* categoryView.h */ = {isa = PBXFileReference; fileEncoding = 4; lastKnownFileType = sourcecode.c.h; name = categoryView.h; path = purchase/categoryView.h; sourceTree = "<group>"; };
		C284AFD01B60BF95001AE8E7 /* categoryView.m */ = {isa = PBXFileReference; fileEncoding = 4; lastKnownFileType = sourcecode.c.objc; name = categoryView.m; path = purchase/categoryView.m; sourceTree = "<group>"; };
		C284AFD21B60CBCE001AE8E7 /* categoryModel.h */ = {isa = PBXFileReference; fileEncoding = 4; lastKnownFileType = sourcecode.c.h; name = categoryModel.h; path = purchase/categoryModel.h; sourceTree = "<group>"; };
		C284AFD31B60CBCE001AE8E7 /* categoryModel.m */ = {isa = PBXFileReference; fileEncoding = 4; lastKnownFileType = sourcecode.c.objc; name = categoryModel.m; path = purchase/categoryModel.m; sourceTree = "<group>"; };
		C284AFD61B60D379001AE8E7 /* MKAnnotationView+WebCache.h */ = {isa = PBXFileReference; fileEncoding = 4; lastKnownFileType = sourcecode.c.h; path = "MKAnnotationView+WebCache.h"; sourceTree = "<group>"; };
		C284AFD71B60D379001AE8E7 /* MKAnnotationView+WebCache.m */ = {isa = PBXFileReference; fileEncoding = 4; lastKnownFileType = sourcecode.c.objc; path = "MKAnnotationView+WebCache.m"; sourceTree = "<group>"; };
		C284AFD81B60D379001AE8E7 /* NSData+ImageContentType.h */ = {isa = PBXFileReference; fileEncoding = 4; lastKnownFileType = sourcecode.c.h; path = "NSData+ImageContentType.h"; sourceTree = "<group>"; };
		C284AFD91B60D379001AE8E7 /* NSData+ImageContentType.m */ = {isa = PBXFileReference; fileEncoding = 4; lastKnownFileType = sourcecode.c.objc; path = "NSData+ImageContentType.m"; sourceTree = "<group>"; };
		C284AFDA1B60D379001AE8E7 /* SDImageCache.h */ = {isa = PBXFileReference; fileEncoding = 4; lastKnownFileType = sourcecode.c.h; path = SDImageCache.h; sourceTree = "<group>"; };
		C284AFDB1B60D379001AE8E7 /* SDImageCache.m */ = {isa = PBXFileReference; fileEncoding = 4; lastKnownFileType = sourcecode.c.objc; path = SDImageCache.m; sourceTree = "<group>"; };
		C284AFDC1B60D379001AE8E7 /* SDWebImageCompat.h */ = {isa = PBXFileReference; fileEncoding = 4; lastKnownFileType = sourcecode.c.h; path = SDWebImageCompat.h; sourceTree = "<group>"; };
		C284AFDD1B60D379001AE8E7 /* SDWebImageCompat.m */ = {isa = PBXFileReference; fileEncoding = 4; lastKnownFileType = sourcecode.c.objc; path = SDWebImageCompat.m; sourceTree = "<group>"; };
		C284AFDE1B60D379001AE8E7 /* SDWebImageDecoder.h */ = {isa = PBXFileReference; fileEncoding = 4; lastKnownFileType = sourcecode.c.h; path = SDWebImageDecoder.h; sourceTree = "<group>"; };
		C284AFDF1B60D379001AE8E7 /* SDWebImageDecoder.m */ = {isa = PBXFileReference; fileEncoding = 4; lastKnownFileType = sourcecode.c.objc; path = SDWebImageDecoder.m; sourceTree = "<group>"; };
		C284AFE01B60D379001AE8E7 /* SDWebImageDownloader.h */ = {isa = PBXFileReference; fileEncoding = 4; lastKnownFileType = sourcecode.c.h; path = SDWebImageDownloader.h; sourceTree = "<group>"; };
		C284AFE11B60D379001AE8E7 /* SDWebImageDownloader.m */ = {isa = PBXFileReference; fileEncoding = 4; lastKnownFileType = sourcecode.c.objc; path = SDWebImageDownloader.m; sourceTree = "<group>"; };
		C284AFE21B60D379001AE8E7 /* SDWebImageDownloaderOperation.h */ = {isa = PBXFileReference; fileEncoding = 4; lastKnownFileType = sourcecode.c.h; path = SDWebImageDownloaderOperation.h; sourceTree = "<group>"; };
		C284AFE31B60D379001AE8E7 /* SDWebImageDownloaderOperation.m */ = {isa = PBXFileReference; fileEncoding = 4; lastKnownFileType = sourcecode.c.objc; path = SDWebImageDownloaderOperation.m; sourceTree = "<group>"; };
		C284AFE41B60D379001AE8E7 /* SDWebImageManager.h */ = {isa = PBXFileReference; fileEncoding = 4; lastKnownFileType = sourcecode.c.h; path = SDWebImageManager.h; sourceTree = "<group>"; };
		C284AFE51B60D379001AE8E7 /* SDWebImageManager.m */ = {isa = PBXFileReference; fileEncoding = 4; lastKnownFileType = sourcecode.c.objc; path = SDWebImageManager.m; sourceTree = "<group>"; };
		C284AFE61B60D379001AE8E7 /* SDWebImageOperation.h */ = {isa = PBXFileReference; fileEncoding = 4; lastKnownFileType = sourcecode.c.h; path = SDWebImageOperation.h; sourceTree = "<group>"; };
		C284AFE71B60D379001AE8E7 /* SDWebImagePrefetcher.h */ = {isa = PBXFileReference; fileEncoding = 4; lastKnownFileType = sourcecode.c.h; path = SDWebImagePrefetcher.h; sourceTree = "<group>"; };
		C284AFE81B60D379001AE8E7 /* SDWebImagePrefetcher.m */ = {isa = PBXFileReference; fileEncoding = 4; lastKnownFileType = sourcecode.c.objc; path = SDWebImagePrefetcher.m; sourceTree = "<group>"; };
		C284AFE91B60D379001AE8E7 /* UIButton+WebCache.h */ = {isa = PBXFileReference; fileEncoding = 4; lastKnownFileType = sourcecode.c.h; path = "UIButton+WebCache.h"; sourceTree = "<group>"; };
		C284AFEA1B60D379001AE8E7 /* UIButton+WebCache.m */ = {isa = PBXFileReference; fileEncoding = 4; lastKnownFileType = sourcecode.c.objc; path = "UIButton+WebCache.m"; sourceTree = "<group>"; };
		C284AFEB1B60D379001AE8E7 /* UIImage+GIF.h */ = {isa = PBXFileReference; fileEncoding = 4; lastKnownFileType = sourcecode.c.h; path = "UIImage+GIF.h"; sourceTree = "<group>"; };
		C284AFEC1B60D379001AE8E7 /* UIImage+GIF.m */ = {isa = PBXFileReference; fileEncoding = 4; lastKnownFileType = sourcecode.c.objc; path = "UIImage+GIF.m"; sourceTree = "<group>"; };
		C284AFED1B60D379001AE8E7 /* UIImage+MultiFormat.h */ = {isa = PBXFileReference; fileEncoding = 4; lastKnownFileType = sourcecode.c.h; path = "UIImage+MultiFormat.h"; sourceTree = "<group>"; };
		C284AFEE1B60D379001AE8E7 /* UIImage+MultiFormat.m */ = {isa = PBXFileReference; fileEncoding = 4; lastKnownFileType = sourcecode.c.objc; path = "UIImage+MultiFormat.m"; sourceTree = "<group>"; };
		C284AFEF1B60D379001AE8E7 /* UIImage+WebP.h */ = {isa = PBXFileReference; fileEncoding = 4; lastKnownFileType = sourcecode.c.h; path = "UIImage+WebP.h"; sourceTree = "<group>"; };
		C284AFF01B60D379001AE8E7 /* UIImage+WebP.m */ = {isa = PBXFileReference; fileEncoding = 4; lastKnownFileType = sourcecode.c.objc; path = "UIImage+WebP.m"; sourceTree = "<group>"; };
		C284AFF11B60D379001AE8E7 /* UIImageView+HighlightedWebCache.h */ = {isa = PBXFileReference; fileEncoding = 4; lastKnownFileType = sourcecode.c.h; path = "UIImageView+HighlightedWebCache.h"; sourceTree = "<group>"; };
		C284AFF21B60D379001AE8E7 /* UIImageView+HighlightedWebCache.m */ = {isa = PBXFileReference; fileEncoding = 4; lastKnownFileType = sourcecode.c.objc; path = "UIImageView+HighlightedWebCache.m"; sourceTree = "<group>"; };
		C284AFF31B60D379001AE8E7 /* UIImageView+WebCache.h */ = {isa = PBXFileReference; fileEncoding = 4; lastKnownFileType = sourcecode.c.h; path = "UIImageView+WebCache.h"; sourceTree = "<group>"; };
		C284AFF41B60D379001AE8E7 /* UIImageView+WebCache.m */ = {isa = PBXFileReference; fileEncoding = 4; lastKnownFileType = sourcecode.c.objc; path = "UIImageView+WebCache.m"; sourceTree = "<group>"; };
		C284AFF51B60D379001AE8E7 /* UIView+WebCacheOperation.h */ = {isa = PBXFileReference; fileEncoding = 4; lastKnownFileType = sourcecode.c.h; path = "UIView+WebCacheOperation.h"; sourceTree = "<group>"; };
		C284AFF61B60D379001AE8E7 /* UIView+WebCacheOperation.m */ = {isa = PBXFileReference; fileEncoding = 4; lastKnownFileType = sourcecode.c.objc; path = "UIView+WebCacheOperation.m"; sourceTree = "<group>"; };
		C2855BC01B631B5100A959D8 /* ModelForList.h */ = {isa = PBXFileReference; fileEncoding = 4; lastKnownFileType = sourcecode.c.h; name = ModelForList.h; path = purchase/ModelForList.h; sourceTree = "<group>"; };
		C2855BC11B631B5100A959D8 /* ModelForList.m */ = {isa = PBXFileReference; fileEncoding = 4; lastKnownFileType = sourcecode.c.objc; name = ModelForList.m; path = purchase/ModelForList.m; sourceTree = "<group>"; };
		C2855BC31B6328A700A959D8 /* ModelForPay.h */ = {isa = PBXFileReference; fileEncoding = 4; lastKnownFileType = sourcecode.c.h; name = ModelForPay.h; path = purchase/ModelForPay.h; sourceTree = "<group>"; };
		C2855BC41B6328A700A959D8 /* ModelForPay.m */ = {isa = PBXFileReference; fileEncoding = 4; lastKnownFileType = sourcecode.c.objc; name = ModelForPay.m; path = purchase/ModelForPay.m; sourceTree = "<group>"; };
		C2855BC61B63309200A959D8 /* CustomTableViewCell.h */ = {isa = PBXFileReference; fileEncoding = 4; lastKnownFileType = sourcecode.c.h; name = CustomTableViewCell.h; path = purchase/CustomTableViewCell.h; sourceTree = "<group>"; };
		C2855BC71B63309200A959D8 /* CustomTableViewCell.m */ = {isa = PBXFileReference; fileEncoding = 4; lastKnownFileType = sourcecode.c.objc; name = CustomTableViewCell.m; path = purchase/CustomTableViewCell.m; sourceTree = "<group>"; };
		C2855BC91B6361C300A959D8 /* StarsForScoreView.h */ = {isa = PBXFileReference; fileEncoding = 4; lastKnownFileType = sourcecode.c.h; name = StarsForScoreView.h; path = purchase/StarsForScoreView.h; sourceTree = "<group>"; };
		C2855BCA1B6361C300A959D8 /* StarsForScoreView.m */ = {isa = PBXFileReference; fileEncoding = 4; lastKnownFileType = sourcecode.c.objc; name = StarsForScoreView.m; path = purchase/StarsForScoreView.m; sourceTree = "<group>"; };
		C2855BCD1B63650A00A959D8 /* iconfont-xingxing-2.png */ = {isa = PBXFileReference; lastKnownFileType = image.png; path = "iconfont-xingxing-2.png"; sourceTree = "<group>"; };
		C2855BCE1B63650A00A959D8 /* iconfont-xingxing.png */ = {isa = PBXFileReference; lastKnownFileType = image.png; path = "iconfont-xingxing.png"; sourceTree = "<group>"; };
		C2855BD31B637BB700A959D8 /* iconfont-pingfenxingxingbankesvg-1.png */ = {isa = PBXFileReference; lastKnownFileType = image.png; path = "iconfont-pingfenxingxingbankesvg-1.png"; sourceTree = "<group>"; };
		C28688F01B660BBF00582C2B /* NSString+height.h */ = {isa = PBXFileReference; fileEncoding = 4; lastKnownFileType = sourcecode.c.h; path = "NSString+height.h"; sourceTree = "<group>"; };
		C28688F11B660BBF00582C2B /* NSString+height.m */ = {isa = PBXFileReference; fileEncoding = 4; lastKnownFileType = sourcecode.c.objc; path = "NSString+height.m"; sourceTree = "<group>"; };
		C289C71A1B623D3D003B2C5B /* ListViewController.h */ = {isa = PBXFileReference; fileEncoding = 4; lastKnownFileType = sourcecode.c.h; name = ListViewController.h; path = Main/ListViewController.h; sourceTree = "<group>"; };
		C289C71B1B623D3D003B2C5B /* ListViewController.m */ = {isa = PBXFileReference; fileEncoding = 4; lastKnownFileType = sourcecode.c.objc; name = ListViewController.m; path = Main/ListViewController.m; sourceTree = "<group>"; };
		C29AFD001B6769650011EA1E /* HotelTVC.h */ = {isa = PBXFileReference; fileEncoding = 4; lastKnownFileType = sourcecode.c.h; name = HotelTVC.h; path = purchase/HotelTVC.h; sourceTree = "<group>"; };
		C29AFD011B6769650011EA1E /* HotelTVC.m */ = {isa = PBXFileReference; fileEncoding = 4; lastKnownFileType = sourcecode.c.objc; name = HotelTVC.m; path = purchase/HotelTVC.m; sourceTree = "<group>"; };
		C2E3E1D11B651D2800AE7933 /* MovieTableViewCell.h */ = {isa = PBXFileReference; fileEncoding = 4; lastKnownFileType = sourcecode.c.h; name = MovieTableViewCell.h; path = purchase/MovieTableViewCell.h; sourceTree = "<group>"; };
		C2E3E1D21B651D2800AE7933 /* MovieTableViewCell.m */ = {isa = PBXFileReference; fileEncoding = 4; lastKnownFileType = sourcecode.c.objc; name = MovieTableViewCell.m; path = purchase/MovieTableViewCell.m; sourceTree = "<group>"; };
/* End PBXFileReference section */

/* Begin PBXFrameworksBuildPhase section */
		C284AF551B608BF2001AE8E7 /* Frameworks */ = {
			isa = PBXFrameworksBuildPhase;
			buildActionMask = 2147483647;
			files = (
			);
			runOnlyForDeploymentPostprocessing = 0;
		};
		C284AF6A1B608BF2001AE8E7 /* Frameworks */ = {
			isa = PBXFrameworksBuildPhase;
			buildActionMask = 2147483647;
			files = (
			);
			runOnlyForDeploymentPostprocessing = 0;
		};
/* End PBXFrameworksBuildPhase section */

/* Begin PBXGroup section */
		C2674FC91B613314004FFB50 /* CustomCell */ = {
			isa = PBXGroup;
			children = (
				C2674FCA1B613343004FFB50 /* CategoryTableViewCell.h */,
				C2674FCB1B613343004FFB50 /* CategoryTableViewCell.m */,
			);
			name = CustomCell;
			sourceTree = "<group>";
		};
		C284AF4F1B608BF2001AE8E7 = {
			isa = PBXGroup;
			children = (
				C284AF5A1B608BF2001AE8E7 /* 美团 */,
				C284AF701B608BF2001AE8E7 /* 美团Tests */,
				C284AF591B608BF2001AE8E7 /* Products */,
			);
			sourceTree = "<group>";
		};
		C284AF591B608BF2001AE8E7 /* Products */ = {
			isa = PBXGroup;
			children = (
				C284AF581B608BF2001AE8E7 /* 美团.app */,
				C284AF6D1B608BF2001AE8E7 /* 美团Tests.xctest */,
			);
			name = Products;
			sourceTree = "<group>";
		};
		C284AF5A1B608BF2001AE8E7 /* 美团 */ = {
			isa = PBXGroup;
			children = (
				C284AF8A1B608FF9001AE8E7 /* Main */,
				C284AF861B608FC8001AE8E7 /* Purchase 团购 */,
				C284AF901B609111001AE8E7 /* Accidence  上门 */,
				C284AF971B6093DC001AE8E7 /* Merchant  商家 */,
				C284AF9E1B60950C001AE8E7 /* Mine 我的 */,
				C284AFA41B6095DF001AE8E7 /* More  更多 */,
				C284AF9F1B60951B001AE8E7 /* Other */,
				C284AFCA1B60BEF9001AE8E7 /* 第三方 */,
				C284AF5B1B608BF2001AE8E7 /* Supporting Files */,
			);
			path = "美团";
			sourceTree = "<group>";
		};
		C284AF5B1B608BF2001AE8E7 /* Supporting Files */ = {
			isa = PBXGroup;
			children = (
				C284AF5C1B608BF2001AE8E7 /* Info.plist */,
				C284AF5D1B608BF2001AE8E7 /* main.m */,
			);
			name = "Supporting Files";
			sourceTree = "<group>";
		};
		C284AF701B608BF2001AE8E7 /* 美团Tests */ = {
			isa = PBXGroup;
			children = (
				C284AF731B608BF2001AE8E7 /* __Tests.m */,
				C284AF711B608BF2001AE8E7 /* Supporting Files */,
			);
			path = "美团Tests";
			sourceTree = "<group>";
		};
		C284AF711B608BF2001AE8E7 /* Supporting Files */ = {
			isa = PBXGroup;
			children = (
				C284AF721B608BF2001AE8E7 /* Info.plist */,
			);
			name = "Supporting Files";
			sourceTree = "<group>";
		};
		C284AF861B608FC8001AE8E7 /* Purchase 团购 */ = {
			isa = PBXGroup;
			children = (
				C284AF891B608FEA001AE8E7 /* Model */,
				C284AF881B608FE3001AE8E7 /* View */,
				C284AF871B608FD6001AE8E7 /* Controller */,
			);
			name = "Purchase 团购";
			sourceTree = "<group>";
		};
		C284AF871B608FD6001AE8E7 /* Controller */ = {
			isa = PBXGroup;
			children = (
				C289C71D1B623E19003B2C5B /* List */,
				C289C7181B61EE4D003B2C5B /* 全部分类 */,
				C289C7191B61EE66003B2C5B /* 主界面 */,
				C28688F31B660BD600582C2B /* Category */,
			);
			name = Controller;
			sourceTree = "<group>";
		};
		C284AF881B608FE3001AE8E7 /* View */ = {
			isa = PBXGroup;
			children = (
				C289C7171B61EAB2003B2C5B /* 分类Scroll视图 */,
				C2674FC91B613314004FFB50 /* CustomCell */,
			);
			name = View;
			sourceTree = "<group>";
		};
		C284AF891B608FEA001AE8E7 /* Model */ = {
			isa = PBXGroup;
			children = (
				C284AFD21B60CBCE001AE8E7 /* categoryModel.h */,
				C284AFD31B60CBCE001AE8E7 /* categoryModel.m */,
				C2674FC31B610458004FFB50 /* MpdelForAllCategory.h */,
				C2674FC41B610458004FFB50 /* MpdelForAllCategory.m */,
			);
			name = Model;
			sourceTree = "<group>";
		};
		C284AF8A1B608FF9001AE8E7 /* Main */ = {
			isa = PBXGroup;
			children = (
				C284AF8B1B609006001AE8E7 /* Controller */,
			);
			name = Main;
			sourceTree = "<group>";
		};
		C284AF8B1B609006001AE8E7 /* Controller */ = {
			isa = PBXGroup;
			children = (
				C284AF801B608ED9001AE8E7 /* RootTBC.h */,
				C284AF811B608ED9001AE8E7 /* RootTBC.m */,
				C284AF8D1B609032001AE8E7 /* CustomViewController.h */,
				C284AF8E1B609032001AE8E7 /* CustomViewController.m */,
			);
			name = Controller;
			sourceTree = "<group>";
		};
		C284AF901B609111001AE8E7 /* Accidence  上门 */ = {
			isa = PBXGroup;
			children = (
				C284AF911B60914B001AE8E7 /* Model */,
				C284AF921B609152001AE8E7 /* View */,
				C284AF931B609158001AE8E7 /* Controller */,
			);
			name = "Accidence  上门";
			sourceTree = "<group>";
		};
		C284AF911B60914B001AE8E7 /* Model */ = {
			isa = PBXGroup;
			children = (
			);
			name = Model;
			sourceTree = "<group>";
		};
		C284AF921B609152001AE8E7 /* View */ = {
			isa = PBXGroup;
			children = (
			);
			name = View;
			sourceTree = "<group>";
		};
		C284AF931B609158001AE8E7 /* Controller */ = {
			isa = PBXGroup;
			children = (
				C284AF941B609219001AE8E7 /* AccidenceViewController.h */,
				C284AF951B609219001AE8E7 /* AccidenceViewController.m */,
			);
			name = Controller;
			sourceTree = "<group>";
		};
		C284AF971B6093DC001AE8E7 /* Merchant  商家 */ = {
			isa = PBXGroup;
			children = (
				C284AF9A1B6093F9001AE8E7 /* Model */,
				C284AF991B6093F3001AE8E7 /* View */,
				C284AF981B6093E9001AE8E7 /* Controller */,
			);
			name = "Merchant  商家";
			sourceTree = "<group>";
		};
		C284AF981B6093E9001AE8E7 /* Controller */ = {
			isa = PBXGroup;
			children = (
				C284AF9B1B60944C001AE8E7 /* MerchantViewController.h */,
				C284AF9C1B60944C001AE8E7 /* MerchantViewController.m */,
			);
			name = Controller;
			sourceTree = "<group>";
		};
		C284AF991B6093F3001AE8E7 /* View */ = {
			isa = PBXGroup;
			children = (
			);
			name = View;
			sourceTree = "<group>";
		};
		C284AF9A1B6093F9001AE8E7 /* Model */ = {
			isa = PBXGroup;
			children = (
			);
			name = Model;
			sourceTree = "<group>";
		};
		C284AF9E1B60950C001AE8E7 /* Mine 我的 */ = {
			isa = PBXGroup;
			children = (
				C284AFA01B609534001AE8E7 /* Controller */,
			);
			name = "Mine 我的";
			sourceTree = "<group>";
		};
		C284AF9F1B60951B001AE8E7 /* Other */ = {
			isa = PBXGroup;
			children = (
				C284AF5F1B608BF2001AE8E7 /* AppDelegate.h */,
				C284AF601B608BF2001AE8E7 /* AppDelegate.m */,
				C2674FBF1B60DCFB004FFB50 /* meituan-Prefix.pch */,
				C284AF641B608BF2001AE8E7 /* Images.xcassets */,
				C284AF661B608BF2001AE8E7 /* LaunchScreen.xib */,
				C284AFA91B6097A7001AE8E7 /* Image */,
			);
			name = Other;
			sourceTree = "<group>";
		};
		C284AFA01B609534001AE8E7 /* Controller */ = {
			isa = PBXGroup;
			children = (
				C284AFA11B60955D001AE8E7 /* MineTableViewController.h */,
				C284AFA21B60955D001AE8E7 /* MineTableViewController.m */,
			);
			name = Controller;
			sourceTree = "<group>";
		};
		C284AFA41B6095DF001AE8E7 /* More  更多 */ = {
			isa = PBXGroup;
			children = (
				C284AFA51B6095EE001AE8E7 /* Controller */,
			);
			name = "More  更多";
			sourceTree = "<group>";
		};
		C284AFA51B6095EE001AE8E7 /* Controller */ = {
			isa = PBXGroup;
			children = (
				C284AFA61B609605001AE8E7 /* MoreTableViewController.h */,
				C284AFA71B609605001AE8E7 /* MoreTableViewController.m */,
			);
			name = Controller;
			sourceTree = "<group>";
		};
		C284AFA91B6097A7001AE8E7 /* Image */ = {
			isa = PBXGroup;
			children = (
				C284AFB71B609ACB001AE8E7 /* iconfont-tuangou.png */,
				C284AFB61B609ACB001AE8E7 /* iconfont-tuangou@2x.png */,
				C284AFC21B609D03001AE8E7 /* iconfont-fuwu@2x.png */,
				C284AFC31B609D03001AE8E7 /* iconfont-fuwu.png */,
				C284AFB01B609ACB001AE8E7 /* iconfont-shangjia.png */,
				C284AFB31B609ACB001AE8E7 /* iconfont-shangjia@2x.png */,
				C284AFC61B609D42001AE8E7 /* iconfont-wode.png */,
				C284AFC71B609D42001AE8E7 /* iconfont-wode@2x.png */,
				C284AFAF1B609ACB001AE8E7 /* iconfont-gengduo.png */,
				C284AFB41B609ACB001AE8E7 /* iconfont-gengduo@2x.png */,
			);
			name = Image;
			sourceTree = "<group>";
		};
		C284AFCA1B60BEF9001AE8E7 /* 第三方 */ = {
			isa = PBXGroup;
			children = (
				C284AFD51B60D379001AE8E7 /* SDWebImage  */,
				C284AFCB1B60BF0A001AE8E7 /* NetWorks */,
			);
			name = "第三方";
			sourceTree = "<group>";
		};
		C284AFCB1B60BF0A001AE8E7 /* NetWorks */ = {
			isa = PBXGroup;
			children = (
				C284AFCC1B60BF0A001AE8E7 /* Network.h */,
				C284AFCD1B60BF0A001AE8E7 /* Network.m */,
			);
			path = NetWorks;
			sourceTree = "<group>";
		};
		C284AFD51B60D379001AE8E7 /* SDWebImage  */ = {
			isa = PBXGroup;
			children = (
				C284AFD61B60D379001AE8E7 /* MKAnnotationView+WebCache.h */,
				C284AFD71B60D379001AE8E7 /* MKAnnotationView+WebCache.m */,
				C284AFD81B60D379001AE8E7 /* NSData+ImageContentType.h */,
				C284AFD91B60D379001AE8E7 /* NSData+ImageContentType.m */,
				C284AFDA1B60D379001AE8E7 /* SDImageCache.h */,
				C284AFDB1B60D379001AE8E7 /* SDImageCache.m */,
				C284AFDC1B60D379001AE8E7 /* SDWebImageCompat.h */,
				C284AFDD1B60D379001AE8E7 /* SDWebImageCompat.m */,
				C284AFDE1B60D379001AE8E7 /* SDWebImageDecoder.h */,
				C284AFDF1B60D379001AE8E7 /* SDWebImageDecoder.m */,
				C284AFE01B60D379001AE8E7 /* SDWebImageDownloader.h */,
				C284AFE11B60D379001AE8E7 /* SDWebImageDownloader.m */,
				C284AFE21B60D379001AE8E7 /* SDWebImageDownloaderOperation.h */,
				C284AFE31B60D379001AE8E7 /* SDWebImageDownloaderOperation.m */,
				C284AFE41B60D379001AE8E7 /* SDWebImageManager.h */,
				C284AFE51B60D379001AE8E7 /* SDWebImageManager.m */,
				C284AFE61B60D379001AE8E7 /* SDWebImageOperation.h */,
				C284AFE71B60D379001AE8E7 /* SDWebImagePrefetcher.h */,
				C284AFE81B60D379001AE8E7 /* SDWebImagePrefetcher.m */,
				C284AFE91B60D379001AE8E7 /* UIButton+WebCache.h */,
				C284AFEA1B60D379001AE8E7 /* UIButton+WebCache.m */,
				C284AFEB1B60D379001AE8E7 /* UIImage+GIF.h */,
				C284AFEC1B60D379001AE8E7 /* UIImage+GIF.m */,
				C284AFED1B60D379001AE8E7 /* UIImage+MultiFormat.h */,
				C284AFEE1B60D379001AE8E7 /* UIImage+MultiFormat.m */,
				C284AFEF1B60D379001AE8E7 /* UIImage+WebP.h */,
				C284AFF01B60D379001AE8E7 /* UIImage+WebP.m */,
				C284AFF11B60D379001AE8E7 /* UIImageView+HighlightedWebCache.h */,
				C284AFF21B60D379001AE8E7 /* UIImageView+HighlightedWebCache.m */,
				C284AFF31B60D379001AE8E7 /* UIImageView+WebCache.h */,
				C284AFF41B60D379001AE8E7 /* UIImageView+WebCache.m */,
				C284AFF51B60D379001AE8E7 /* UIView+WebCacheOperation.h */,
				C284AFF61B60D379001AE8E7 /* UIView+WebCacheOperation.m */,
			);
			path = "SDWebImage ";
			sourceTree = "<group>";
		};
		C2855BBF1B631B1E00A959D8 /* Model */ = {
			isa = PBXGroup;
			children = (
				C2855BC01B631B5100A959D8 /* ModelForList.h */,
				C2855BC11B631B5100A959D8 /* ModelForList.m */,
				C2855BC31B6328A700A959D8 /* ModelForPay.h */,
				C2855BC41B6328A700A959D8 /* ModelForPay.m */,
			);
			name = Model;
			sourceTree = "<group>";
		};
		C2855BCC1B6361C700A959D8 /* 评分星星 */ = {
			isa = PBXGroup;
			children = (
				C2855BCD1B63650A00A959D8 /* iconfont-xingxing-2.png */,
				C2855BD31B637BB700A959D8 /* iconfont-pingfenxingxingbankesvg-1.png */,
				C2855BCE1B63650A00A959D8 /* iconfont-xingxing.png */,
				C2855BC91B6361C300A959D8 /* StarsForScoreView.h */,
				C2855BCA1B6361C300A959D8 /* StarsForScoreView.m */,
			);
			name = "评分星星";
			sourceTree = "<group>";
		};
		C28688F31B660BD600582C2B /* Category */ = {
			isa = PBXGroup;
			children = (
				C28688F01B660BBF00582C2B /* NSString+height.h */,
				C28688F11B660BBF00582C2B /* NSString+height.m */,
			);
			name = Category;
			sourceTree = "<group>";
		};
		C289C7171B61EAB2003B2C5B /* 分类Scroll视图 */ = {
			isa = PBXGroup;
			children = (
				C284AFCF1B60BF95001AE8E7 /* categoryView.h */,
				C284AFD01B60BF95001AE8E7 /* categoryView.m */,
			);
			name = "分类Scroll视图";
			sourceTree = "<group>";
		};
		C289C7181B61EE4D003B2C5B /* 全部分类 */ = {
			isa = PBXGroup;
			children = (
				C2674FC01B60EA8E004FFB50 /* allCategoryTVC.h */,
				C2674FC11B60EA8E004FFB50 /* allCategoryTVC.m */,
			);
			name = "全部分类";
			sourceTree = "<group>";
		};
		C289C7191B61EE66003B2C5B /* 主界面 */ = {
			isa = PBXGroup;
			children = (
				C284AF831B608F8E001AE8E7 /* PurchaseViewController.h */,
				C284AF841B608F8E001AE8E7 /* PurchaseViewController.m */,
			);
			name = "主界面";
			sourceTree = "<group>";
		};
		C289C71D1B623E19003B2C5B /* List */ = {
			isa = PBXGroup;
			children = (
				C2855BBF1B631B1E00A959D8 /* Model */,
				C289C71F1B626769003B2C5B /* Controller */,
				C289C71E1B62675D003B2C5B /* View */,
				C2855BCC1B6361C700A959D8 /* 评分星星 */,
			);
			name = List;
			sourceTree = "<group>";
		};
		C289C71E1B62675D003B2C5B /* View */ = {
			isa = PBXGroup;
			children = (
				C2E3E1D01B65195C00AE7933 /* CELL */,
			);
			name = View;
			sourceTree = "<group>";
		};
		C289C71F1B626769003B2C5B /* Controller */ = {
			isa = PBXGroup;
			children = (
				C289C71A1B623D3D003B2C5B /* ListViewController.h */,
				C289C71B1B623D3D003B2C5B /* ListViewController.m */,
				C29AFD001B6769650011EA1E /* HotelTVC.h */,
				C29AFD011B6769650011EA1E /* HotelTVC.m */,
			);
			name = Controller;
			sourceTree = "<group>";
		};
		C2E3E1D01B65195C00AE7933 /* CELL */ = {
			isa = PBXGroup;
			children = (
				C2855BC61B63309200A959D8 /* CustomTableViewCell.h */,
				C2855BC71B63309200A959D8 /* CustomTableViewCell.m */,
				C2E3E1D11B651D2800AE7933 /* MovieTableViewCell.h */,
				C2E3E1D21B651D2800AE7933 /* MovieTableViewCell.m */,
			);
			name = CELL;
			sourceTree = "<group>";
		};
/* End PBXGroup section */

/* Begin PBXNativeTarget section */
		C284AF571B608BF2001AE8E7 /* 美团 */ = {
			isa = PBXNativeTarget;
			buildConfigurationList = C284AF771B608BF2001AE8E7 /* Build configuration list for PBXNativeTarget "美团" */;
			buildPhases = (
				C284AF541B608BF2001AE8E7 /* Sources */,
				C284AF551B608BF2001AE8E7 /* Frameworks */,
				C284AF561B608BF2001AE8E7 /* Resources */,
			);
			buildRules = (
			);
			dependencies = (
			);
			name = "美团";
			productName = "美团";
			productReference = C284AF581B608BF2001AE8E7 /* 美团.app */;
			productType = "com.apple.product-type.application";
		};
		C284AF6C1B608BF2001AE8E7 /* 美团Tests */ = {
			isa = PBXNativeTarget;
			buildConfigurationList = C284AF7A1B608BF2001AE8E7 /* Build configuration list for PBXNativeTarget "美团Tests" */;
			buildPhases = (
				C284AF691B608BF2001AE8E7 /* Sources */,
				C284AF6A1B608BF2001AE8E7 /* Frameworks */,
				C284AF6B1B608BF2001AE8E7 /* Resources */,
			);
			buildRules = (
			);
			dependencies = (
				C284AF6F1B608BF2001AE8E7 /* PBXTargetDependency */,
			);
			name = "美团Tests";
			productName = "美团Tests";
			productReference = C284AF6D1B608BF2001AE8E7 /* 美团Tests.xctest */;
			productType = "com.apple.product-type.bundle.unit-test";
		};
/* End PBXNativeTarget section */

/* Begin PBXProject section */
		C284AF501B608BF2001AE8E7 /* Project object */ = {
			isa = PBXProject;
			attributes = {
				LastUpgradeCheck = 0600;
				ORGANIZATIONNAME = lanou3g;
				TargetAttributes = {
					C284AF571B608BF2001AE8E7 = {
						CreatedOnToolsVersion = 6.0.1;
					};
					C284AF6C1B608BF2001AE8E7 = {
						CreatedOnToolsVersion = 6.0.1;
						TestTargetID = C284AF571B608BF2001AE8E7;
					};
				};
			};
			buildConfigurationList = C284AF531B608BF2001AE8E7 /* Build configuration list for PBXProject "美团" */;
			compatibilityVersion = "Xcode 3.2";
			developmentRegion = English;
			hasScannedForEncodings = 0;
			knownRegions = (
				en,
				Base,
			);
			mainGroup = C284AF4F1B608BF2001AE8E7;
			productRefGroup = C284AF591B608BF2001AE8E7 /* Products */;
			projectDirPath = "";
			projectRoot = "";
			targets = (
				C284AF571B608BF2001AE8E7 /* 美团 */,
				C284AF6C1B608BF2001AE8E7 /* 美团Tests */,
			);
		};
/* End PBXProject section */

/* Begin PBXResourcesBuildPhase section */
		C284AF561B608BF2001AE8E7 /* Resources */ = {
			isa = PBXResourcesBuildPhase;
			buildActionMask = 2147483647;
			files = (
				C2855BD41B637BB700A959D8 /* iconfont-pingfenxingxingbankesvg-1.png in Resources */,
				C284AFC91B609D42001AE8E7 /* iconfont-wode@2x.png in Resources */,
				C284AFC41B609D03001AE8E7 /* iconfont-fuwu@2x.png in Resources */,
				C284AFC11B609ACB001AE8E7 /* iconfont-tuangou.png in Resources */,
				C284AFB91B609ACB001AE8E7 /* iconfont-gengduo.png in Resources */,
				C284AFC81B609D42001AE8E7 /* iconfont-wode.png in Resources */,
				C284AF681B608BF2001AE8E7 /* LaunchScreen.xib in Resources */,
				C284AFBA1B609ACB001AE8E7 /* iconfont-shangjia.png in Resources */,
				C284AFBD1B609ACB001AE8E7 /* iconfont-shangjia@2x.png in Resources */,
				C284AFC51B609D03001AE8E7 /* iconfont-fuwu.png in Resources */,
				C2855BD11B63650A00A959D8 /* iconfont-xingxing.png in Resources */,
				C2855BD01B63650A00A959D8 /* iconfont-xingxing-2.png in Resources */,
				C284AFC01B609ACB001AE8E7 /* iconfont-tuangou@2x.png in Resources */,
				C284AFBE1B609ACB001AE8E7 /* iconfont-gengduo@2x.png in Resources */,
				C284AF651B608BF2001AE8E7 /* Images.xcassets in Resources */,
			);
			runOnlyForDeploymentPostprocessing = 0;
		};
		C284AF6B1B608BF2001AE8E7 /* Resources */ = {
			isa = PBXResourcesBuildPhase;
			buildActionMask = 2147483647;
			files = (
			);
			runOnlyForDeploymentPostprocessing = 0;
		};
/* End PBXResourcesBuildPhase section */

/* Begin PBXSourcesBuildPhase section */
		C284AF541B608BF2001AE8E7 /* Sources */ = {
			isa = PBXSourcesBuildPhase;
			buildActionMask = 2147483647;
			files = (
				C284AF961B609219001AE8E7 /* AccidenceViewController.m in Sources */,
				C284AFD41B60CBCE001AE8E7 /* categoryModel.m in Sources */,
				C284B0031B60D379001AE8E7 /* UIImage+WebP.m in Sources */,
				C284AF9D1B60944C001AE8E7 /* MerchantViewController.m in Sources */,
				C2674FC21B60EA8E004FFB50 /* allCategoryTVC.m in Sources */,
				C284B0001B60D379001AE8E7 /* UIButton+WebCache.m in Sources */,
				C284AFFD1B60D379001AE8E7 /* SDWebImageDownloaderOperation.m in Sources */,
				C284AF611B608BF2001AE8E7 /* AppDelegate.m in Sources */,
				C2855BC81B63309200A959D8 /* CustomTableViewCell.m in Sources */,
				C284AFF91B60D379001AE8E7 /* SDImageCache.m in Sources */,
				C284AFF81B60D379001AE8E7 /* NSData+ImageContentType.m in Sources */,
				C289C71C1B623D3D003B2C5B /* ListViewController.m in Sources */,
				C28688F21B660BBF00582C2B /* NSString+height.m in Sources */,
				C2674FC51B610458004FFB50 /* MpdelForAllCategory.m in Sources */,
				C2855BCB1B6361C300A959D8 /* StarsForScoreView.m in Sources */,
				C2855BC51B6328A700A959D8 /* ModelForPay.m in Sources */,
				C284AF8F1B609032001AE8E7 /* CustomViewController.m in Sources */,
				C2855BC21B631B5100A959D8 /* ModelForList.m in Sources */,
				C284AFFB1B60D379001AE8E7 /* SDWebImageDecoder.m in Sources */,
				C284AFD11B60BF95001AE8E7 /* categoryView.m in Sources */,
				C284B0041B60D379001AE8E7 /* UIImageView+HighlightedWebCache.m in Sources */,
				C284AFA31B60955D001AE8E7 /* MineTableViewController.m in Sources */,
				C29AFD021B6769650011EA1E /* HotelTVC.m in Sources */,
				C284AFFC1B60D379001AE8E7 /* SDWebImageDownloader.m in Sources */,
				C284AFFA1B60D379001AE8E7 /* SDWebImageCompat.m in Sources */,
				C284AF851B608F8E001AE8E7 /* PurchaseViewController.m in Sources */,
				C284B0011B60D379001AE8E7 /* UIImage+GIF.m in Sources */,
				C284B0021B60D379001AE8E7 /* UIImage+MultiFormat.m in Sources */,
				C284AFCE1B60BF0A001AE8E7 /* Network.m in Sources */,
				C284AFFF1B60D379001AE8E7 /* SDWebImagePrefetcher.m in Sources */,
				C284AF821B608ED9001AE8E7 /* RootTBC.m in Sources */,
				C284AFF71B60D379001AE8E7 /* MKAnnotationView+WebCache.m in Sources */,
				C284B0051B60D379001AE8E7 /* UIImageView+WebCache.m in Sources */,
				C284B0061B60D379001AE8E7 /* UIView+WebCacheOperation.m in Sources */,
				C284AFFE1B60D379001AE8E7 /* SDWebImageManager.m in Sources */,
				C2E3E1D31B651D2800AE7933 /* MovieTableViewCell.m in Sources */,
				C2674FCC1B613343004FFB50 /* CategoryTableViewCell.m in Sources */,
				C284AFA81B609605001AE8E7 /* MoreTableViewController.m in Sources */,
				C284AF5E1B608BF2001AE8E7 /* main.m in Sources */,
			);
			runOnlyForDeploymentPostprocessing = 0;
		};
		C284AF691B608BF2001AE8E7 /* Sources */ = {
			isa = PBXSourcesBuildPhase;
			buildActionMask = 2147483647;
			files = (
				C284AF741B608BF2001AE8E7 /* __Tests.m in Sources */,
			);
			runOnlyForDeploymentPostprocessing = 0;
		};
/* End PBXSourcesBuildPhase section */

/* Begin PBXTargetDependency section */
		C284AF6F1B608BF2001AE8E7 /* PBXTargetDependency */ = {
			isa = PBXTargetDependency;
			target = C284AF571B608BF2001AE8E7 /* 美团 */;
			targetProxy = C284AF6E1B608BF2001AE8E7 /* PBXContainerItemProxy */;
		};
/* End PBXTargetDependency section */

/* Begin PBXVariantGroup section */
		C284AF661B608BF2001AE8E7 /* LaunchScreen.xib */ = {
			isa = PBXVariantGroup;
			children = (
				C284AF671B608BF2001AE8E7 /* Base */,
			);
			name = LaunchScreen.xib;
			sourceTree = "<group>";
		};
/* End PBXVariantGroup section */

/* Begin XCBuildConfiguration section */
		C284AF751B608BF2001AE8E7 /* Debug */ = {
			isa = XCBuildConfiguration;
			buildSettings = {
				ALWAYS_SEARCH_USER_PATHS = NO;
				CLANG_CXX_LANGUAGE_STANDARD = "gnu++0x";
				CLANG_CXX_LIBRARY = "libc++";
				CLANG_ENABLE_MODULES = YES;
				CLANG_ENABLE_OBJC_ARC = YES;
				CLANG_WARN_BOOL_CONVERSION = YES;
				CLANG_WARN_CONSTANT_CONVERSION = YES;
				CLANG_WARN_DIRECT_OBJC_ISA_USAGE = YES_ERROR;
				CLANG_WARN_EMPTY_BODY = YES;
				CLANG_WARN_ENUM_CONVERSION = YES;
				CLANG_WARN_INT_CONVERSION = YES;
				CLANG_WARN_OBJC_ROOT_CLASS = YES_ERROR;
				CLANG_WARN_UNREACHABLE_CODE = YES;
				CLANG_WARN__DUPLICATE_METHOD_MATCH = YES;
				"CODE_SIGN_IDENTITY[sdk=iphoneos*]" = "iPhone Developer";
				COPY_PHASE_STRIP = NO;
				ENABLE_STRICT_OBJC_MSGSEND = YES;
				GCC_C_LANGUAGE_STANDARD = gnu99;
				GCC_DYNAMIC_NO_PIC = NO;
				GCC_OPTIMIZATION_LEVEL = 0;
				GCC_PREPROCESSOR_DEFINITIONS = (
					"DEBUG=1",
					"$(inherited)",
				);
				GCC_SYMBOLS_PRIVATE_EXTERN = NO;
				GCC_WARN_64_TO_32_BIT_CONVERSION = YES;
				GCC_WARN_ABOUT_RETURN_TYPE = YES_ERROR;
				GCC_WARN_UNDECLARED_SELECTOR = YES;
				GCC_WARN_UNINITIALIZED_AUTOS = YES_AGGRESSIVE;
				GCC_WARN_UNUSED_FUNCTION = YES;
				GCC_WARN_UNUSED_VARIABLE = YES;
				IPHONEOS_DEPLOYMENT_TARGET = 8.0;
				MTL_ENABLE_DEBUG_INFO = YES;
				ONLY_ACTIVE_ARCH = YES;
				SDKROOT = iphoneos;
			};
			name = Debug;
		};
		C284AF761B608BF2001AE8E7 /* Release */ = {
			isa = XCBuildConfiguration;
			buildSettings = {
				ALWAYS_SEARCH_USER_PATHS = NO;
				CLANG_CXX_LANGUAGE_STANDARD = "gnu++0x";
				CLANG_CXX_LIBRARY = "libc++";
				CLANG_ENABLE_MODULES = YES;
				CLANG_ENABLE_OBJC_ARC = YES;
				CLANG_WARN_BOOL_CONVERSION = YES;
				CLANG_WARN_CONSTANT_CONVERSION = YES;
				CLANG_WARN_DIRECT_OBJC_ISA_USAGE = YES_ERROR;
				CLANG_WARN_EMPTY_BODY = YES;
				CLANG_WARN_ENUM_CONVERSION = YES;
				CLANG_WARN_INT_CONVERSION = YES;
				CLANG_WARN_OBJC_ROOT_CLASS = YES_ERROR;
				CLANG_WARN_UNREACHABLE_CODE = YES;
				CLANG_WARN__DUPLICATE_METHOD_MATCH = YES;
				"CODE_SIGN_IDENTITY[sdk=iphoneos*]" = "iPhone Developer";
				COPY_PHASE_STRIP = YES;
				ENABLE_NS_ASSERTIONS = NO;
				ENABLE_STRICT_OBJC_MSGSEND = YES;
				GCC_C_LANGUAGE_STANDARD = gnu99;
				GCC_WARN_64_TO_32_BIT_CONVERSION = YES;
				GCC_WARN_ABOUT_RETURN_TYPE = YES_ERROR;
				GCC_WARN_UNDECLARED_SELECTOR = YES;
				GCC_WARN_UNINITIALIZED_AUTOS = YES_AGGRESSIVE;
				GCC_WARN_UNUSED_FUNCTION = YES;
				GCC_WARN_UNUSED_VARIABLE = YES;
				IPHONEOS_DEPLOYMENT_TARGET = 8.0;
				MTL_ENABLE_DEBUG_INFO = NO;
				SDKROOT = iphoneos;
				VALIDATE_PRODUCT = YES;
			};
			name = Release;
		};
		C284AF781B608BF2001AE8E7 /* Debug */ = {
			isa = XCBuildConfiguration;
			buildSettings = {
				ASSETCATALOG_COMPILER_APPICON_NAME = AppIcon;
				GCC_PRECOMPILE_PREFIX_HEADER = YES;
				GCC_PREFIX_HEADER = "$(SRCROOT)/美团/meituan-Prefix.pch";
				INFOPLIST_FILE = "美团/Info.plist";
				LD_RUNPATH_SEARCH_PATHS = "$(inherited) @executable_path/Frameworks";
				PRODUCT_NAME = "$(TARGET_NAME)";
			};
			name = Debug;
		};
		C284AF791B608BF2001AE8E7 /* Release */ = {
			isa = XCBuildConfiguration;
			buildSettings = {
				ASSETCATALOG_COMPILER_APPICON_NAME = AppIcon;
				GCC_PRECOMPILE_PREFIX_HEADER = YES;
				GCC_PREFIX_HEADER = "$(SRCROOT)/美团/meituan-Prefix.pch";
				INFOPLIST_FILE = "美团/Info.plist";
				LD_RUNPATH_SEARCH_PATHS = "$(inherited) @executable_path/Frameworks";
				PRODUCT_NAME = "$(TARGET_NAME)";
			};
			name = Release;
		};
		C284AF7B1B608BF2001AE8E7 /* Debug */ = {
			isa = XCBuildConfiguration;
			buildSettings = {
				BUNDLE_LOADER = "$(TEST_HOST)";
				FRAMEWORK_SEARCH_PATHS = (
					"$(SDKROOT)/Developer/Library/Frameworks",
					"$(inherited)",
				);
				GCC_PRECOMPILE_PREFIX_HEADER = YES;
				GCC_PREFIX_HEADER = "$(SRCROOT)/美团/meituan-Prefix.pch";
				GCC_PREPROCESSOR_DEFINITIONS = (
					"DEBUG=1",
					"$(inherited)",
				);
				INFOPLIST_FILE = "美团Tests/Info.plist";
				LD_RUNPATH_SEARCH_PATHS = "$(inherited) @executable_path/Frameworks @loader_path/Frameworks";
				PRODUCT_NAME = "$(TARGET_NAME)";
				TEST_HOST = "$(BUILT_PRODUCTS_DIR)/美团.app/美团";
			};
			name = Debug;
		};
		C284AF7C1B608BF2001AE8E7 /* Release */ = {
			isa = XCBuildConfiguration;
			buildSettings = {
				BUNDLE_LOADER = "$(TEST_HOST)";
				FRAMEWORK_SEARCH_PATHS = (
					"$(SDKROOT)/Developer/Library/Frameworks",
					"$(inherited)",
				);
				GCC_PRECOMPILE_PREFIX_HEADER = YES;
				GCC_PREFIX_HEADER = "$(SRCROOT)/美团/meituan-Prefix.pch";
				INFOPLIST_FILE = "美团Tests/Info.plist";
				LD_RUNPATH_SEARCH_PATHS = "$(inherited) @executable_path/Frameworks @loader_path/Frameworks";
				PRODUCT_NAME = "$(TARGET_NAME)";
				TEST_HOST = "$(BUILT_PRODUCTS_DIR)/美团.app/美团";
			};
			name = Release;
		};
/* End XCBuildConfiguration section */

/* Begin XCConfigurationList section */
		C284AF531B608BF2001AE8E7 /* Build configuration list for PBXProject "美团" */ = {
			isa = XCConfigurationList;
			buildConfigurations = (
				C284AF751B608BF2001AE8E7 /* Debug */,
				C284AF761B608BF2001AE8E7 /* Release */,
			);
			defaultConfigurationIsVisible = 0;
			defaultConfigurationName = Release;
		};
		C284AF771B608BF2001AE8E7 /* Build configuration list for PBXNativeTarget "美团" */ = {
			isa = XCConfigurationList;
			buildConfigurations = (
				C284AF781B608BF2001AE8E7 /* Debug */,
				C284AF791B608BF2001AE8E7 /* Release */,
			);
			defaultConfigurationIsVisible = 0;
			defaultConfigurationName = Release;
		};
		C284AF7A1B608BF2001AE8E7 /* Build configuration list for PBXNativeTarget "美团Tests" */ = {
			isa = XCConfigurationList;
			buildConfigurations = (
				C284AF7B1B608BF2001AE8E7 /* Debug */,
				C284AF7C1B608BF2001AE8E7 /* Release */,
			);
			defaultConfigurationIsVisible = 0;
			defaultConfigurationName = Release;
		};
/* End XCConfigurationList section */
	};
	rootObject = C284AF501B608BF2001AE8E7 /* Project object */;
}
